// !$*UTF8*$!
{
	archiveVersion = 1;
	classes = {
	};
	objectVersion = 46;
	objects = {

/* Begin PBXBuildFile section */
		C91309FF1CC0FBB300BD9827 /* main.m in Sources */ = {isa = PBXBuildFile; fileRef = C91309FE1CC0FBB300BD9827 /* main.m */; };
		C9130A021CC0FBB300BD9827 /* AppDelegate.m in Sources */ = {isa = PBXBuildFile; fileRef = C9130A011CC0FBB300BD9827 /* AppDelegate.m */; };
		C9130A0A1CC0FBB300BD9827 /* Assets.xcassets in Resources */ = {isa = PBXBuildFile; fileRef = C9130A091CC0FBB300BD9827 /* Assets.xcassets */; };
		C9130A171CC0FC1300BD9827 /* MainViewController.m in Sources */ = {isa = PBXBuildFile; fileRef = C9130A151CC0FC1300BD9827 /* MainViewController.m */; };
		C9130A181CC0FC1300BD9827 /* MainViewController.xib in Resources */ = {isa = PBXBuildFile; fileRef = C9130A161CC0FC1300BD9827 /* MainViewController.xib */; };
		C9130A1C1CC0FC1900BD9827 /* RXTelManager.m in Sources */ = {isa = PBXBuildFile; fileRef = C9130A1B1CC0FC1900BD9827 /* RXTelManager.m */; };
/* End PBXBuildFile section */

/* Begin PBXFileReference section */
		C91309FA1CC0FBB300BD9827 /* RXTelManagerExample.app */ = {isa = PBXFileReference; explicitFileType = wrapper.application; includeInIndex = 0; path = RXTelManagerExample.app; sourceTree = BUILT_PRODUCTS_DIR; };
		C91309FE1CC0FBB300BD9827 /* main.m */ = {isa = PBXFileReference; lastKnownFileType = sourcecode.c.objc; path = main.m; sourceTree = "<group>"; };
		C9130A001CC0FBB300BD9827 /* AppDelegate.h */ = {isa = PBXFileReference; lastKnownFileType = sourcecode.c.h; path = AppDelegate.h; sourceTree = "<group>"; };
		C9130A011CC0FBB300BD9827 /* AppDelegate.m */ = {isa = PBXFileReference; lastKnownFileType = sourcecode.c.objc; path = AppDelegate.m; sourceTree = "<group>"; };
		C9130A091CC0FBB300BD9827 /* Assets.xcassets */ = {isa = PBXFileReference; lastKnownFileType = folder.assetcatalog; path = Assets.xcassets; sourceTree = "<group>"; };
		C9130A0E1CC0FBB300BD9827 /* Info.plist */ = {isa = PBXFileReference; lastKnownFileType = text.plist.xml; path = Info.plist; sourceTree = "<group>"; };
		C9130A141CC0FC1300BD9827 /* MainViewController.h */ = {isa = PBXFileReference; fileEncoding = 4; lastKnownFileType = sourcecode.c.h; path = MainViewController.h; sourceTree = "<group>"; };
		C9130A151CC0FC1300BD9827 /* MainViewController.m */ = {isa = PBXFileReference; fileEncoding = 4; lastKnownFileType = sourcecode.c.objc; path = MainViewController.m; sourceTree = "<group>"; };
		C9130A161CC0FC1300BD9827 /* MainViewController.xib */ = {isa = PBXFileReference; fileEncoding = 4; lastKnownFileType = file.xib; path = MainViewController.xib; sourceTree = "<group>"; };
		C9130A1A1CC0FC1900BD9827 /* RXTelManager.h */ = {isa = PBXFileReference; fileEncoding = 4; lastKnownFileType = sourcecode.c.h; path = RXTelManager.h; sourceTree = "<group>"; };
		C9130A1B1CC0FC1900BD9827 /* RXTelManager.m */ = {isa = PBXFileReference; fileEncoding = 4; lastKnownFileType = sourcecode.c.objc; path = RXTelManager.m; sourceTree = "<group>"; };
/* End PBXFileReference section */

/* Begin PBXFrameworksBuildPhase section */
		C91309F71CC0FBB300BD9827 /* Frameworks */ = {
			isa = PBXFrameworksBuildPhase;
			buildActionMask = 2147483647;
			files = (
			);
			runOnlyForDeploymentPostprocessing = 0;
		};
/* End PBXFrameworksBuildPhase section */

/* Begin PBXGroup section */
		C91309F11CC0FBB300BD9827 = {
			isa = PBXGroup;
			children = (
				C9130A191CC0FC1900BD9827 /* RXTelManager */,
				C91309FC1CC0FBB300BD9827 /* RXTelManagerExample */,
				C91309FB1CC0FBB300BD9827 /* Products */,
			);
			sourceTree = "<group>";
		};
		C91309FB1CC0FBB300BD9827 /* Products */ = {
			isa = PBXGroup;
			children = (
				C91309FA1CC0FBB300BD9827 /* RXTelManagerExample.app */,
			);
			name = Products;
			sourceTree = "<group>";
		};
		C91309FC1CC0FBB300BD9827 /* RXTelManagerExample */ = {
			isa = PBXGroup;
			children = (
				C9130A141CC0FC1300BD9827 /* MainViewController.h */,
				C9130A151CC0FC1300BD9827 /* MainViewController.m */,
				C9130A161CC0FC1300BD9827 /* MainViewController.xib */,
				C9130A001CC0FBB300BD9827 /* AppDelegate.h */,
				C9130A011CC0FBB300BD9827 /* AppDelegate.m */,
				C9130A091CC0FBB300BD9827 /* Assets.xcassets */,
				C9130A0E1CC0FBB300BD9827 /* Info.plist */,
				C91309FD1CC0FBB300BD9827 /* Supporting Files */,
			);
			path = RXTelManagerExample;
			sourceTree = "<group>";
		};
		C91309FD1CC0FBB300BD9827 /* Supporting Files */ = {
			isa = PBXGroup;
			children = (
				C91309FE1CC0FBB300BD9827 /* main.m */,
			);
			name = "Supporting Files";
			sourceTree = "<group>";
		};
		C9130A191CC0FC1900BD9827 /* RXTelManager */ = {
			isa = PBXGroup;
			children = (
				C9130A1A1CC0FC1900BD9827 /* RXTelManager.h */,
				C9130A1B1CC0FC1900BD9827 /* RXTelManager.m */,
			);
			name = RXTelManager;
			path = ../RXTelManager;
			sourceTree = "<group>";
		};
/* End PBXGroup section */

/* Begin PBXNativeTarget section */
		C91309F91CC0FBB300BD9827 /* RXTelManagerExample */ = {
			isa = PBXNativeTarget;
			buildConfigurationList = C9130A111CC0FBB300BD9827 /* Build configuration list for PBXNativeTarget "RXTelManagerExample" */;
			buildPhases = (
				C91309F61CC0FBB300BD9827 /* Sources */,
				C91309F71CC0FBB300BD9827 /* Frameworks */,
				C91309F81CC0FBB300BD9827 /* Resources */,
			);
			buildRules = (
			);
			dependencies = (
			);
			name = RXTelManagerExample;
			productName = RXTelManagerExample;
			productReference = C91309FA1CC0FBB300BD9827 /* RXTelManagerExample.app */;
			productType = "com.apple.product-type.application";
		};
/* End PBXNativeTarget section */

/* Begin PBXProject section */
		C91309F21CC0FBB300BD9827 /* Project object */ = {
			isa = PBXProject;
			attributes = {
				LastUpgradeCheck = 0720;
				ORGANIZATIONNAME = Rush;
				TargetAttributes = {
					C91309F91CC0FBB300BD9827 = {
						CreatedOnToolsVersion = 7.2.1;
					};
				};
			};
			buildConfigurationList = C91309F51CC0FBB300BD9827 /* Build configuration list for PBXProject "RXTelManagerExample" */;
			compatibilityVersion = "Xcode 3.2";
			developmentRegion = English;
			hasScannedForEncodings = 0;
			knownRegions = (
				en,
				Base,
			);
			mainGroup = C91309F11CC0FBB300BD9827;
			productRefGroup = C91309FB1CC0FBB300BD9827 /* Products */;
			projectDirPath = "";
			projectRoot = "";
			targets = (
				C91309F91CC0FBB300BD9827 /* RXTelManagerExample */,
			);
		};
/* End PBXProject section */

/* Begin PBXResourcesBuildPhase section */
		C91309F81CC0FBB300BD9827 /* Resources */ = {
			isa = PBXResourcesBuildPhase;
			buildActionMask = 2147483647;
			files = (
				C9130A0A1CC0FBB300BD9827 /* Assets.xcassets in Resources */,
				C9130A181CC0FC1300BD9827 /* MainViewController.xib in Resources */,
			);
			runOnlyForDeploymentPostprocessing = 0;
		};
/* End PBXResourcesBuildPhase section */

/* Begin PBXSourcesBuildPhase section */
		C91309F61CC0FBB300BD9827 /* Sources */ = {
			isa = PBXSourcesBuildPhase;
			buildActionMask = 2147483647;
			files = (
				C9130A021CC0FBB300BD9827 /* AppDelegate.m in Sources */,
				C9130A171CC0FC1300BD9827 /* MainViewController.m in Sources */,
				C91309FF1CC0FBB300BD9827 /* main.m in Sources */,
				C9130A1C1CC0FC1900BD9827 /* RXTelManager.m in Sources */,
			);
			runOnlyForDeploymentPostprocessing = 0;
		};
/* End PBXSourcesBuildPhase section */

/* Begin XCBuildConfiguration section */
		C9130A0F1CC0FBB300BD9827 /* Debug */ = {
			isa = XCBuildConfiguration;
			buildSettings = {
				ALWAYS_SEARCH_USER_PATHS = NO;
				CLANG_CXX_LANGUAGE_STANDARD = "gnu++0x";
				CLANG_CXX_LIBRARY = "libc++";
				CLANG_ENABLE_MODULES = YES;
				CLANG_ENABLE_OBJC_ARC = YES;
				CLANG_WARN_BOOL_CONVERSION = YES;
				CLANG_WARN_CONSTANT_CONVERSION = YES;
				CLANG_WARN_DIRECT_OBJC_ISA_USAGE = YES_ERROR;
				CLANG_WARN_EMPTY_BODY = YES;
				CLANG_WARN_ENUM_CONVERSION = YES;
				CLANG_WARN_INT_CONVERSION = YES;
				CLANG_WARN_OBJC_ROOT_CLASS = YES_ERROR;
				CLANG_WARN_UNREACHABLE_CODE = YES;
				CLANG_WARN__DUPLICATE_METHOD_MATCH = YES;
				"CODE_SIGN_IDENTITY[sdk=iphoneos*]" = "iPhone Developer";
				COPY_PHASE_STRIP = NO;
				DEBUG_INFORMATION_FORMAT = dwarf;
				ENABLE_STRICT_OBJC_MSGSEND = YES;
				ENABLE_TESTABILITY = YES;
				GCC_C_LANGUAGE_STANDARD = gnu99;
				GCC_DYNAMIC_NO_PIC = NO;
				GCC_NO_COMMON_BLOCKS = YES;
				GCC_OPTIMIZATION_LEVEL = 0;
				GCC_PREPROCESSOR_DEFINITIONS = (
					"DEBUG=1",
					"$(inherited)",
				);
				GCC_WARN_64_TO_32_BIT_CONVERSION = YES;
				GCC_WARN_ABOUT_RETURN_TYPE = YES_ERROR;
				GCC_WARN_UNDECLARED_SELECTOR = YES;
				GCC_WARN_UNINITIALIZED_AUTOS = YES_AGGRESSIVE;
				GCC_WARN_UNUSED_FUNCTION = YES;
				GCC_WARN_UNUSED_VARIABLE = YES;
				IPHONEOS_DEPLOYMENT_TARGET = 9.2;
				MTL_ENABLE_DEBUG_INFO = YES;
				ONLY_ACTIVE_ARCH = YES;
				SDKROOT = iphoneos;
				TARGETED_DEVICE_FAMILY = "1,2";
			};
			name = Debug;
		};
		C9130A101CC0FBB300BD9827 /* Release */ = {
			isa = XCBuildConfiguration;
			buildSettings = {
				ALWAYS_SEARCH_USER_PATHS = NO;
				CLANG_CXX_LANGUAGE_STANDARD = "gnu++0x";
				CLANG_CXX_LIBRARY = "libc++";
				CLANG_ENABLE_MODULES = YES;
				CLANG_ENABLE_OBJC_ARC = YES;
				CLANG_WARN_BOOL_CONVERSION = YES;
				CLANG_WARN_CONSTANT_CONVERSION = YES;
				CLANG_WARN_DIRECT_OBJC_ISA_USAGE = YES_ERROR;
				CLANG_WARN_EMPTY_BODY = YES;
				CLANG_WARN_ENUM_CONVERSION = YES;
				CLANG_WARN_INT_CONVERSION = YES;
				CLANG_WARN_OBJC_ROOT_CLASS = YES_ERROR;
				CLANG_WARN_UNREACHABLE_CODE = YES;
				CLANG_WARN__DUPLICATE_METHOD_MATCH = YES;
				"CODE_SIGN_IDENTITY[sdk=iphoneos*]" = "iPhone Developer";
				COPY_PHASE_STRIP = NO;
				DEBUG_INFORMATION_FORMAT = "dwarf-with-dsym";
				ENABLE_NS_ASSERTIONS = NO;
				ENABLE_STRICT_OBJC_MSGSEND = YES;
				GCC_C_LANGUAGE_STANDARD = gnu99;
				GCC_NO_COMMON_BLOCKS = YES;
				GCC_WARN_64_TO_32_BIT_CONVERSION = YES;
				GCC_WARN_ABOUT_RETURN_TYPE = YES_ERROR;
				GCC_WARN_UNDECLARED_SELECTOR = YES;
				GCC_WARN_UNINITIALIZED_AUTOS = YES_AGGRESSIVE;
				GCC_WARN_UNUSED_FUNCTION = YES;
				GCC_WARN_UNUSED_VARIABLE = YES;
				IPHONEOS_DEPLOYMENT_TARGET = 9.2;
				MTL_ENABLE_DEBUG_INFO = NO;
				SDKROOT = iphoneos;
				TARGETED_DEVICE_FAMILY = "1,2";
				VALIDATE_PRODUCT = YES;
			};
			name = Release;
		};
		C9130A121CC0FBB300BD9827 /* Debug */ = {
			isa = XCBuildConfiguration;
			buildSettings = {
				ASSETCATALOG_COMPILER_APPICON_NAME = AppIcon;
				ASSETCATALOG_COMPILER_LAUNCHIMAGE_NAME = LaunchImage;
				INFOPLIST_FILE = RXTelManagerExample/Info.plist;
				IPHONEOS_DEPLOYMENT_TARGET = 7.0;
				LD_RUNPATH_SEARCH_PATHS = "$(inherited) @executable_path/Frameworks";
				PRODUCT_BUNDLE_IDENTIFIER = com.Rush.RXTelManagerExample;
				PRODUCT_NAME = "$(TARGET_NAME)";
				TARGETED_DEVICE_FAMILY = 1;
			};
			name = Debug;
		};
		C9130A131CC0FBB300BD9827 /* Release */ = {
			isa = XCBuildConfiguration;
			buildSettings = {
				ASSETCATALOG_COMPILER_APPICON_NAME = AppIcon;
				ASSETCATALOG_COMPILER_LAUNCHIMAGE_NAME = LaunchImage;
				INFOPLIST_FILE = RXTelManagerExample/Info.plist;
				IPHONEOS_DEPLOYMENT_TARGET = 7.0;
				LD_RUNPATH_SEARCH_PATHS = "$(inherited) @executable_path/Frameworks";
				PRODUCT_BUNDLE_IDENTIFIER = com.Rush.RXTelManagerExample;
				PRODUCT_NAME = "$(TARGET_NAME)";
				TARGETED_DEVICE_FAMILY = 1;
			};
			name = Release;
		};
/* End XCBuildConfiguration section */

/* Begin XCConfigurationList section */
		C91309F51CC0FBB300BD9827 /* Build configuration list for PBXProject "RXTelManagerExample" */ = {
			isa = XCConfigurationList;
			buildConfigurations = (
				C9130A0F1CC0FBB300BD9827 /* Debug */,
				C9130A101CC0FBB300BD9827 /* Release */,
			);
			defaultConfigurationIsVisible = 0;
			defaultConfigurationName = Release;
		};
		C9130A111CC0FBB300BD9827 /* Build configuration list for PBXNativeTarget "RXTelManagerExample" */ = {
			isa = XCConfigurationList;
			buildConfigurations = (
				C9130A121CC0FBB300BD9827 /* Debug */,
				C9130A131CC0FBB300BD9827 /* Release */,
			);
			defaultConfigurationIsVisible = 0;
		};
/* End XCConfigurationList section */
	};
	rootObject = C91309F21CC0FBB300BD9827 /* Project object */;
}
